
Microsoft Visual Studio Solution File, Format Version 12.00
# Visual Studio Version 17
VisualStudioVersion = 17.13.35931.197 d17.13
MinimumVisualStudioVersion = 10.0.40219.1
Project("{FAE04EC0-301F-11D3-BF4B-00C04F79EFBC}") = "TodoListApi", "TodoListApi.csproj", "{8978DF37-0EB3-482B-A623-69D30FEDF12E}"
EndProject
Global
	GlobalSection(SolutionConfigurationPlatforms) = preSolution
		Debug|Any CPU = Debug|Any CPU
		Release|Any CPU = Release|Any CPU
	EndGlobalSection
	GlobalSection(ProjectConfigurationPlatforms) = postSolution
		{8978DF37-0EB3-482B-A623-69D30FEDF12E}.Debug|Any CPU.ActiveCfg = Debug|Any CPU
		{8978DF37-0EB3-482B-A623-69D30FEDF12E}.Debug|Any CPU.Build.0 = Debug|Any CPU
		{8978DF37-0EB3-482B-A623-69D30FEDF12E}.Release|Any CPU.ActiveCfg = Release|Any CPU
		{8978DF37-0EB3-482B-A623-69D30FEDF12E}.Release|Any CPU.Build.0 = Release|Any CPU
	EndGlobalSection
	GlobalSection(SolutionProperties) = preSolution
		HideSolutionNode = FALSE
	EndGlobalSection
	GlobalSection(ExtensibilityGlobals) = postSolution
		SolutionGuid = {D395CCEE-B292-4F05-9E8F-B7CFDF7905F1}
	EndGlobalSection
EndGlobal
